// !$*UTF8*$!
{
	archiveVersion = 1;
	classes = {
	};
	objectVersion = 77;
	objects = {

/* Begin PBXBuildFile section */
		DD03B9C02FEB7BA00010D184 /* ScreenShield in Frameworks */ = {isa = PBXBuildFile; productRef = DD03B9BF2FEB7BA00010D184 /* ScreenShield */; };
		DD03B9C32FEB7C440010D184 /* FacebookAEM in Frameworks */ = {isa = PBXBuildFile; productRef = DD03B9C22FEB7C440010D184 /* FacebookAEM */; };
		DD03B9C52FEB7C440010D184 /* FacebookBasics in Frameworks */ = {isa = PBXBuildFile; productRef = DD03B9C42FEB7C440010D184 /* FacebookBasics */; };
		DD03B9C72FEB7C440010D184 /* FacebookCore in Frameworks */ = {isa = PBXBuildFile; productRef = DD03B9C62FEB7C440010D184 /* FacebookCore */; };
		DD03B9CA2FEB7C620010D184 /* AdjustSdk in Frameworks */ = {isa = PBXBuildFile; productRef = DD03B9C92FEB7C620010D184 /* AdjustSdk */; };
		DD03B9CD2FEB7C760010D184 /* Alamofire in Frameworks */ = {isa = PBXBuildFile; productRef = DD03B9CC2FEB7C760010D184 /* Alamofire */; };
/* End PBXBuildFile section */

/* Begin PBXFileReference section */
		DD52630B2FD11F3C00072154 /* Eulgo.app */ = {isa = PBXFileReference; explicitFileType = wrapper.application; includeInIndex = 0; path = Eulgo.app; sourceTree = BUILT_PRODUCTS_DIR; };
/* End PBXFileReference section */

/* Begin PBXFileSystemSynchronizedBuildFileExceptionSet section */
		DDA92CE62FDFF020009A69DF /* Exceptions for "Eulgo" folder in "Eulgo" target */ = {
			isa = PBXFileSystemSynchronizedBuildFileExceptionSet;
			membershipExceptions = (
				Info.plist,
			);
			target = DD52630A2FD11F3C00072154 /* Eulgo */;
		};
/* End PBXFileSystemSynchronizedBuildFileExceptionSet section */

/* Begin PBXFileSystemSynchronizedRootGroup section */
		DD52630D2FD11F3C00072154 /* Eulgo */ = {
			isa = PBXFileSystemSynchronizedRootGroup;
			exceptions = (
				DDA92CE62FDFF020009A69DF /* Exceptions for "Eulgo" folder in "Eulgo" target */,
			);
			path = Eulgo;
			sourceTree = "<group>";
		};
/* End PBXFileSystemSynchronizedRootGroup section */

/* Begin PBXFrameworksBuildPhase section */
		DD5263082FD11F3C00072154 /* Frameworks */ = {
			isa = PBXFrameworksBuildPhase;
			buildActionMask = 2147483647;
			files = (
				DD03B9C52FEB7C440010D184 /* FacebookBasics in Frameworks */,
				DD03B9C32FEB7C440010D184 /* FacebookAEM in Frameworks */,
				DD03B9C02FEB7BA00010D184 /* ScreenShield in Frameworks */,
				DD03B9CD2FEB7C760010D184 /* Alamofire in Frameworks */,
				DD03B9CA2FEB7C620010D184 /* AdjustSdk in Frameworks */,
				DD03B9C72FEB7C440010D184 /* FacebookCore in Frameworks */,
			);
			runOnlyForDeploymentPostprocessing = 0;
		};
/* End PBXFrameworksBuildPhase section */

/* Begin PBXGroup section */
		DD5263022FD11F3C00072154 = {
			isa = PBXGroup;
			children = (
				DD52630D2FD11F3C00072154 /* Eulgo */,
				DD52630C2FD11F3C00072154 /* Products */,
			);
			sourceTree = "<group>";
		};
		DD52630C2FD11F3C00072154 /* Products */ = {
			isa = PBXGroup;
			children = (
				DD52630B2FD11F3C00072154 /* Eulgo.app */,
			);
			name = Products;
			sourceTree = "<group>";
		};
/* End PBXGroup section */

/* Begin PBXNativeTarget section */
		DD52630A2FD11F3C00072154 /* Eulgo */ = {
			isa = PBXNativeTarget;
			buildConfigurationList = DD5263162FD11F3E00072154 /* Build configuration list for PBXNativeTarget "Eulgo" */;
			buildPhases = (
				DD5263072FD11F3C00072154 /* Sources */,
				DD5263082FD11F3C00072154 /* Frameworks */,
				DD5263092FD11F3C00072154 /* Resources */,
			);
			buildRules = (
			);
			dependencies = (
			);
			fileSystemSynchronizedGroups = (
				DD52630D2FD11F3C00072154 /* Eulgo */,
			);
			name = Eulgo;
			packageProductDependencies = (
				DD03B9BF2FEB7BA00010D184 /* ScreenShield */,
				DD03B9C22FEB7C440010D184 /* FacebookAEM */,
				DD03B9C42FEB7C440010D184 /* FacebookBasics */,
				DD03B9C62FEB7C440010D184 /* FacebookCore */,
				DD03B9C92FEB7C620010D184 /* AdjustSdk */,
				DD03B9CC2FEB7C760010D184 /* Alamofire */,
			);
			productName = Eulgo;
			productReference = DD52630B2FD11F3C00072154 /* Eulgo.app */;
			productType = "com.apple.product-type.application";
		};
/* End PBXNativeTarget section */

/* Begin PBXProject section */
		DD5263032FD11F3C00072154 /* Project object */ = {
			isa = PBXProject;
			attributes = {
				BuildIndependentTargetsInParallel = 1;
				LastSwiftUpdateCheck = 2640;
				LastUpgradeCheck = 2640;
				TargetAttributes = {
					DD52630A2FD11F3C00072154 = {
						CreatedOnToolsVersion = 26.4.1;
					};
				};
			};
			buildConfigurationList = DD5263062FD11F3C00072154 /* Build configuration list for PBXProject "Eulgo" */;
			developmentRegion = en;
			hasScannedForEncodings = 0;
			knownRegions = (
				en,
				Base,
			);
			mainGroup = DD5263022FD11F3C00072154;
			minimizedProjectReferenceProxies = 1;
			packageReferences = (
				DD03B9BE2FEB7BA00010D184 /* XCRemoteSwiftPackageReference "ScreenShield" */,
				DD03B9C12FEB7C440010D184 /* XCRemoteSwiftPackageReference "facebook-ios-sdk" */,
				DD03B9C82FEB7C620010D184 /* XCRemoteSwiftPackageReference "ios_sdk" */,
				DD03B9CB2FEB7C760010D184 /* XCRemoteSwiftPackageReference "Alamofire" */,
			);
			preferredProjectObjectVersion = 77;
			productRefGroup = DD52630C2FD11F3C00072154 /* Products */;
			projectDirPath = "";
			projectRoot = "";
			targets = (
				DD52630A2FD11F3C00072154 /* Eulgo */,
			);
		};
/* End PBXProject section */

/* Begin PBXResourcesBuildPhase section */
		DD5263092FD11F3C00072154 /* Resources */ = {
			isa = PBXResourcesBuildPhase;
			buildActionMask = 2147483647;
			files = (
			);
			runOnlyForDeploymentPostprocessing = 0;
		};
/* End PBXResourcesBuildPhase section */

/* Begin PBXSourcesBuildPhase section */
		DD5263072FD11F3C00072154 /* Sources */ = {
			isa = PBXSourcesBuildPhase;
			buildActionMask = 2147483647;
			files = (
			);
			runOnlyForDeploymentPostprocessing = 0;
		};
/* End PBXSourcesBuildPhase section */

/* Begin XCBuildConfiguration section */
		DD5263142FD11F3E00072154 /* Debug */ = {
			isa = XCBuildConfiguration;
			buildSettings = {
				ALWAYS_SEARCH_USER_PATHS = NO;
				ASSETCATALOG_COMPILER_GENERATE_SWIFT_ASSET_SYMBOL_EXTENSIONS = YES;
				CLANG_ANALYZER_NONNULL = YES;
				CLANG_ANALYZER_NUMBER_OBJECT_CONVERSION = YES_AGGRESSIVE;
				CLANG_CXX_LANGUAGE_STANDARD = "gnu++20";
				CLANG_ENABLE_MODULES = YES;
				CLANG_ENABLE_OBJC_ARC = YES;
				CLANG_ENABLE_OBJC_WEAK = YES;
				CLANG_WARN_BLOCK_CAPTURE_AUTORELEASING = YES;
				CLANG_WARN_BOOL_CONVERSION = YES;
				CLANG_WARN_COMMA = YES;
				CLANG_WARN_CONSTANT_CONVERSION = YES;
				CLANG_WARN_DEPRECATED_OBJC_IMPLEMENTATIONS = YES;
				CLANG_WARN_DIRECT_OBJC_ISA_USAGE = YES_ERROR;
				CLANG_WARN_DOCUMENTATION_COMMENTS = YES;
				CLANG_WARN_EMPTY_BODY = YES;
				CLANG_WARN_ENUM_CONVERSION = YES;
				CLANG_WARN_INFINITE_RECURSION = YES;
				CLANG_WARN_INT_CONVERSION = YES;
				CLANG_WARN_NON_LITERAL_NULL_CONVERSION = YES;
				CLANG_WARN_OBJC_IMPLICIT_RETAIN_SELF = YES;
				CLANG_WARN_OBJC_LITERAL_CONVERSION = YES;
				CLANG_WARN_OBJC_ROOT_CLASS = YES_ERROR;
				CLANG_WARN_QUOTED_INCLUDE_IN_FRAMEWORK_HEADER = YES;
				CLANG_WARN_RANGE_LOOP_ANALYSIS = YES;
				CLANG_WARN_STRICT_PROTOTYPES = YES;
				CLANG_WARN_SUSPICIOUS_MOVE = YES;
				CLANG_WARN_UNGUARDED_AVAILABILITY = YES_AGGRESSIVE;
				CLANG_WARN_UNREACHABLE_CODE = YES;
				CLANG_WARN__DUPLICATE_METHOD_MATCH = YES;
				COPY_PHASE_STRIP = NO;
				DEBUG_INFORMATION_FORMAT = dwarf;
				ENABLE_STRICT_OBJC_MSGSEND = YES;
				ENABLE_TESTABILITY = YES;
				ENABLE_USER_SCRIPT_SANDBOXING = YES;
				GCC_C_LANGUAGE_STANDARD = gnu17;
				GCC_DYNAMIC_NO_PIC = NO;
				GCC_NO_COMMON_BLOCKS = YES;
				GCC_OPTIMIZATION_LEVEL = 0;
				GCC_PREPROCESSOR_DEFINITIONS = (
					"DEBUG=1",
					"$(inherited)",
				);
				GCC_WARN_64_TO_32_BIT_CONVERSION = YES;
				GCC_WARN_ABOUT_RETURN_TYPE = YES_ERROR;
				GCC_WARN_UNDECLARED_SELECTOR = YES;
				GCC_WARN_UNINITIALIZED_AUTOS = YES_AGGRESSIVE;
				GCC_WARN_UNUSED_FUNCTION = YES;
				GCC_WARN_UNUSED_VARIABLE = YES;
				IPHONEOS_DEPLOYMENT_TARGET = 26.4;
				LOCALIZATION_PREFERS_STRING_CATALOGS = YES;
				MTL_ENABLE_DEBUG_INFO = INCLUDE_SOURCE;
				MTL_FAST_MATH = YES;
				ONLY_ACTIVE_ARCH = YES;
				SDKROOT = iphoneos;
				SWIFT_ACTIVE_COMPILATION_CONDITIONS = "DEBUG $(inherited)";
				SWIFT_OPTIMIZATION_LEVEL = "-Onone";
			};
			name = Debug;
		};
		DD5263152FD11F3E00072154 /* Release */ = {
			isa = XCBuildConfiguration;
			buildSettings = {
				ALWAYS_SEARCH_USER_PATHS = NO;
				ASSETCATALOG_COMPILER_GENERATE_SWIFT_ASSET_SYMBOL_EXTENSIONS = YES;
				CLANG_ANALYZER_NONNULL = YES;
				CLANG_ANALYZER_NUMBER_OBJECT_CONVERSION = YES_AGGRESSIVE;
				CLANG_CXX_LANGUAGE_STANDARD = "gnu++20";
				CLANG_ENABLE_MODULES = YES;
				CLANG_ENABLE_OBJC_ARC = YES;
				CLANG_ENABLE_OBJC_WEAK = YES;
				CLANG_WARN_BLOCK_CAPTURE_AUTORELEASING = YES;
				CLANG_WARN_BOOL_CONVERSION = YES;
				CLANG_WARN_COMMA = YES;
				CLANG_WARN_CONSTANT_CONVERSION = YES;
				CLANG_WARN_DEPRECATED_OBJC_IMPLEMENTATIONS = YES;
				CLANG_WARN_DIRECT_OBJC_ISA_USAGE = YES_ERROR;
				CLANG_WARN_DOCUMENTATION_COMMENTS = YES;
				CLANG_WARN_EMPTY_BODY = YES;
				CLANG_WARN_ENUM_CONVERSION = YES;
				CLANG_WARN_INFINITE_RECURSION = YES;
				CLANG_WARN_INT_CONVERSION = YES;
				CLANG_WARN_NON_LITERAL_NULL_CONVERSION = YES;
				CLANG_WARN_OBJC_IMPLICIT_RETAIN_SELF = YES;
				CLANG_WARN_OBJC_LITERAL_CONVERSION = YES;
				CLANG_WARN_OBJC_ROOT_CLASS = YES_ERROR;
				CLANG_WARN_QUOTED_INCLUDE_IN_FRAMEWORK_HEADER = YES;
				CLANG_WARN_RANGE_LOOP_ANALYSIS = YES;
				CLANG_WARN_STRICT_PROTOTYPES = YES;
				CLANG_WARN_SUSPICIOUS_MOVE = YES;
				CLANG_WARN_UNGUARDED_AVAILABILITY = YES_AGGRESSIVE;
				CLANG_WARN_UNREACHABLE_CODE = YES;
				CLANG_WARN__DUPLICATE_METHOD_MATCH = YES;
				COPY_PHASE_STRIP = NO;
				DEBUG_INFORMATION_FORMAT = "dwarf-with-dsym";
				ENABLE_NS_ASSERTIONS = NO;
				ENABLE_STRICT_OBJC_MSGSEND = YES;
				ENABLE_USER_SCRIPT_SANDBOXING = YES;
				GCC_C_LANGUAGE_STANDARD = gnu17;
				GCC_NO_COMMON_BLOCKS = YES;
				GCC_WARN_64_TO_32_BIT_CONVERSION = YES;
				GCC_WARN_ABOUT_RETURN_TYPE = YES_ERROR;
				GCC_WARN_UNDECLARED_SELECTOR = YES;
				GCC_WARN_UNINITIALIZED_AUTOS = YES_AGGRESSIVE;
				GCC_WARN_UNUSED_FUNCTION = YES;
				GCC_WARN_UNUSED_VARIABLE = YES;
				IPHONEOS_DEPLOYMENT_TARGET = 26.4;
				LOCALIZATION_PREFERS_STRING_CATALOGS = YES;
				MTL_ENABLE_DEBUG_INFO = NO;
				MTL_FAST_MATH = YES;
				SDKROOT = iphoneos;
				SWIFT_COMPILATION_MODE = wholemodule;
				VALIDATE_PRODUCT = YES;
			};
			name = Release;
		};
		DD5263172FD11F3E00072154 /* Debug */ = {
			isa = XCBuildConfiguration;
			buildSettings = {
				ASSETCATALOG_COMPILER_APPICON_NAME = AppIcon;
				ASSETCATALOG_COMPILER_GLOBAL_ACCENT_COLOR_NAME = AccentColor;
				CODE_SIGN_ENTITLEMENTS = Eulgo/Eulgo.entitlements;
				CODE_SIGN_STYLE = Automatic;
				CURRENT_PROJECT_VERSION = 2;
				DEVELOPMENT_TEAM = "";
				ENABLE_PREVIEWS = YES;
				GENERATE_INFOPLIST_FILE = YES;
				INFOPLIST_FILE = Eulgo/Info.plist;
				INFOPLIST_KEY_NSCameraUsageDescription = "This app needs camera access to capture landscapes, portraits, and videos. Your photos and videos can decorate your profile or share with friends. They're securely stored on your device and only shared with your permission. Privacy and security are protected.";
				INFOPLIST_KEY_NSLocationAlwaysAndWhenInUseUsageDescription = "This app needs location access for sharing, discovering events, and using location-based features. Location data is used responsibly with your consent. Privacy and security are our priorities.";
				INFOPLIST_KEY_NSMicrophoneUsageDescription = "This app needs microphone access for recording voice messages and sharing audio. Audio stays on your device unless you share. Privacy is our priority.";
				INFOPLIST_KEY_NSPhotoLibraryUsageDescription = "This app needs access to your photo library for sharing memorable photos/videos. It stays on your device unless you share. Access is for easy sharing and is privacy-protected.";
				INFOPLIST_KEY_UIApplicationSceneManifest_Generation = YES;
				INFOPLIST_KEY_UIApplicationSupportsIndirectInputEvents = YES;
				INFOPLIST_KEY_UILaunchStoryboardName = "Launch Screen";
				INFOPLIST_KEY_UISupportedInterfaceOrientations = UIInterfaceOrientationPortrait;
				INFOPLIST_KEY_UISupportedInterfaceOrientations_iPad = "UIInterfaceOrientationLandscapeLeft UIInterfaceOrientationLandscapeRight UIInterfaceOrientationPortrait UIInterfaceOrientationPortraitUpsideDown";
				IPHONEOS_DEPLOYMENT_TARGET = 15.6;
				LD_RUNPATH_SEARCH_PATHS = (
					"$(inherited)",
					"@executable_path/Frameworks",
				);
				MARKETING_VERSION = 1.1.0;
				PRODUCT_BUNDLE_IDENTIFIER = com.eulgcecalbei.Eulgo;
				PRODUCT_NAME = "$(TARGET_NAME)";
				STRING_CATALOG_GENERATE_SYMBOLS = YES;
				SUPPORTED_PLATFORMS = "iphoneos iphonesimulator";
				SUPPORTS_MACCATALYST = NO;
				SWIFT_APPROACHABLE_CONCURRENCY = YES;
				SWIFT_DEFAULT_ACTOR_ISOLATION = MainActor;
				SWIFT_EMIT_LOC_STRINGS = YES;
				SWIFT_UPCOMING_FEATURE_MEMBER_IMPORT_VISIBILITY = YES;
				SWIFT_VERSION = 5.0;
				TARGETED_DEVICE_FAMILY = 1;
			};
			name = Debug;
		};
		DD5263182FD11F3E00072154 /* Release */ = {
			isa = XCBuildConfiguration;
			buildSettings = {
				ASSETCATALOG_COMPILER_APPICON_NAME = AppIcon;
				ASSETCATALOG_COMPILER_GLOBAL_ACCENT_COLOR_NAME = AccentColor;
				CODE_SIGN_ENTITLEMENTS = Eulgo/Eulgo.entitlements;
				CODE_SIGN_STYLE = Automatic;
				CURRENT_PROJECT_VERSION = 2;
				DEVELOPMENT_TEAM = "";
				ENABLE_PREVIEWS = YES;
				GENERATE_INFOPLIST_FILE = YES;
				INFOPLIST_FILE = Eulgo/Info.plist;
				INFOPLIST_KEY_NSCameraUsageDescription = "This app needs camera access to capture landscapes, portraits, and videos. Your photos and videos can decorate your profile or share with friends. They're securely stored on your device and only shared with your permission. Privacy and security are protected.";
				INFOPLIST_KEY_NSLocationAlwaysAndWhenInUseUsageDescription = "This app needs location access for sharing, discovering events, and using location-based features. Location data is used responsibly with your consent. Privacy and security are our priorities.";
				INFOPLIST_KEY_NSMicrophoneUsageDescription = "This app needs microphone access for recording voice messages and sharing audio. Audio stays on your device unless you share. Privacy is our priority.";
				INFOPLIST_KEY_NSPhotoLibraryUsageDescription = "This app needs access to your photo library for sharing memorable photos/videos. It stays on your device unless you share. Access is for easy sharing and is privacy-protected.";
				INFOPLIST_KEY_UIApplicationSceneManifest_Generation = YES;
				INFOPLIST_KEY_UIApplicationSupportsIndirectInputEvents = YES;
				INFOPLIST_KEY_UILaunchStoryboardName = "Launch Screen";
				INFOPLIST_KEY_UISupportedInterfaceOrientations = UIInterfaceOrientationPortrait;
				INFOPLIST_KEY_UISupportedInterfaceOrientations_iPad = "UIInterfaceOrientationLandscapeLeft UIInterfaceOrientationLandscapeRight UIInterfaceOrientationPortrait UIInterfaceOrientationPortraitUpsideDown";
				IPHONEOS_DEPLOYMENT_TARGET = 15.6;
				LD_RUNPATH_SEARCH_PATHS = (
					"$(inherited)",
					"@executable_path/Frameworks",
				);
				MARKETING_VERSION = 1.1.0;
				PRODUCT_BUNDLE_IDENTIFIER = com.eulgcecalbei.Eulgo;
				PRODUCT_NAME = "$(TARGET_NAME)";
				STRING_CATALOG_GENERATE_SYMBOLS = YES;
				SUPPORTED_PLATFORMS = "iphoneos iphonesimulator";
				SUPPORTS_MACCATALYST = NO;
				SWIFT_APPROACHABLE_CONCURRENCY = YES;
				SWIFT_DEFAULT_ACTOR_ISOLATION = MainActor;
				SWIFT_EMIT_LOC_STRINGS = YES;
				SWIFT_UPCOMING_FEATURE_MEMBER_IMPORT_VISIBILITY = YES;
				SWIFT_VERSION = 5.0;
				TARGETED_DEVICE_FAMILY = 1;
			};
			name = Release;
		};
/* End XCBuildConfiguration section */

/* Begin XCConfigurationList section */
		DD5263062FD11F3C00072154 /* Build configuration list for PBXProject "Eulgo" */ = {
			isa = XCConfigurationList;
			buildConfigurations = (
				DD5263142FD11F3E00072154 /* Debug */,
				DD5263152FD11F3E00072154 /* Release */,
			);
			defaultConfigurationIsVisible = 0;
			defaultConfigurationName = Release;
		};
		DD5263162FD11F3E00072154 /* Build configuration list for PBXNativeTarget "Eulgo" */ = {
			isa = XCConfigurationList;
			buildConfigurations = (
				DD5263172FD11F3E00072154 /* Debug */,
				DD5263182FD11F3E00072154 /* Release */,
			);
			defaultConfigurationIsVisible = 0;
			defaultConfigurationName = Release;
		};
/* End XCConfigurationList section */

/* Begin XCRemoteSwiftPackageReference section */
		DD03B9BE2FEB7BA00010D184 /* XCRemoteSwiftPackageReference "ScreenShield" */ = {
			isa = XCRemoteSwiftPackageReference;
			repositoryURL = "https://github.com/JayantBadlani/ScreenShield.git";
			requirement = {
				kind = upToNextMajorVersion;
				minimumVersion = 1.2.2;
			};
		};
		DD03B9C12FEB7C440010D184 /* XCRemoteSwiftPackageReference "facebook-ios-sdk" */ = {
			isa = XCRemoteSwiftPackageReference;
			repositoryURL = "https://github.com/facebook/facebook-ios-sdk.git";
			requirement = {
				branch = main;
				kind = branch;
			};
		};
		DD03B9C82FEB7C620010D184 /* XCRemoteSwiftPackageReference "ios_sdk" */ = {
			isa = XCRemoteSwiftPackageReference;
			repositoryURL = "https://github.com/adjust/ios_sdk.git";
			requirement = {
				branch = master;
				kind = branch;
			};
		};
		DD03B9CB2FEB7C760010D184 /* XCRemoteSwiftPackageReference "Alamofire" */ = {
			isa = XCRemoteSwiftPackageReference;
			repositoryURL = "https://github.com/Alamofire/Alamofire.git";
			requirement = {
				kind = upToNextMajorVersion;
				minimumVersion = 5.12.0;
			};
		};
/* End XCRemoteSwiftPackageReference section */

/* Begin XCSwiftPackageProductDependency section */
		DD03B9BF2FEB7BA00010D184 /* ScreenShield */ = {
			isa = XCSwiftPackageProductDependency;
			package = DD03B9BE2FEB7BA00010D184 /* XCRemoteSwiftPackageReference "ScreenShield" */;
			productName = ScreenShield;
		};
		DD03B9C22FEB7C440010D184 /* FacebookAEM */ = {
			isa = XCSwiftPackageProductDependency;
			package = DD03B9C12FEB7C440010D184 /* XCRemoteSwiftPackageReference "facebook-ios-sdk" */;
			productName = FacebookAEM;
		};
		DD03B9C42FEB7C440010D184 /* FacebookBasics */ = {
			isa = XCSwiftPackageProductDependency;
			package = DD03B9C12FEB7C440010D184 /* XCRemoteSwiftPackageReference "facebook-ios-sdk" */;
			productName = FacebookBasics;
		};
		DD03B9C62FEB7C440010D184 /* FacebookCore */ = {
			isa = XCSwiftPackageProductDependency;
			package = DD03B9C12FEB7C440010D184 /* XCRemoteSwiftPackageReference "facebook-ios-sdk" */;
			productName = FacebookCore;
		};
		DD03B9C92FEB7C620010D184 /* AdjustSdk */ = {
			isa = XCSwiftPackageProductDependency;
			package = DD03B9C82FEB7C620010D184 /* XCRemoteSwiftPackageReference "ios_sdk" */;
			productName = AdjustSdk;
		};
		DD03B9CC2FEB7C760010D184 /* Alamofire */ = {
			isa = XCSwiftPackageProductDependency;
			package = DD03B9CB2FEB7C760010D184 /* XCRemoteSwiftPackageReference "Alamofire" */;
			productName = Alamofire;
		};
/* End XCSwiftPackageProductDependency section */
	};
	rootObject = DD5263032FD11F3C00072154 /* Project object */;
}
